
Microsoft Visual Studio Solution File, Format Version 12.00
# Visual Studio Version 16
VisualStudioVersion = 16.0.29102.190
MinimumVisualStudioVersion = 10.0.40219.1
Project("{FAE04EC0-301F-11D3-BF4B-00C04F79EFBC}") = "TikTok.ApiClient", "TikTok.ApiClient\TikTok.ApiClient.csproj", "{846E5DB9-D589-4286-B6DE-348FEAEAFFBB}"
EndProject
Project("{FAE04EC0-301F-11D3-BF4B-00C04F79EFBC}") = "ConsoleApp1", "ConsoleApp1\ConsoleApp1.csproj", "{A4CAA7EC-5A8E-4366-AFC5-25A937295E3A}"
EndProject
Global
	GlobalSection(SolutionConfigurationPlatforms) = preSolution
		Debug|Any CPU = Debug|Any CPU
		Release|Any CPU = Release|Any CPU
	EndGlobalSection
	GlobalSection(ProjectConfigurationPlatforms) = postSolution
		{846E5DB9-D589-4286-B6DE-348FEAEAFFBB}.Debug|Any CPU.ActiveCfg = Debug|Any CPU
		{846E5DB9-D589-4286-B6DE-348FEAEAFFBB}.Debug|Any CPU.Build.0 = Debug|Any CPU
		{846E5DB9-D589-4286-B6DE-348FEAEAFFBB}.Release|Any CPU.ActiveCfg = Release|Any CPU
		{846E5DB9-D589-4286-B6DE-348FEAEAFFBB}.Release|Any CPU.Build.0 = Release|Any CPU
		{A4CAA7EC-5A8E-4366-AFC5-25A937295E3A}.Debug|Any CPU.ActiveCfg = Debug|Any CPU
		{A4CAA7EC-5A8E-4366-AFC5-25A937295E3A}.Debug|Any CPU.Build.0 = Debug|Any CPU
		{A4CAA7EC-5A8E-4366-AFC5-25A937295E3A}.Release|Any CPU.ActiveCfg = Release|Any CPU
		{A4CAA7EC-5A8E-4366-AFC5-25A937295E3A}.Release|Any CPU.Build.0 = Release|Any CPU
	EndGlobalSection
	GlobalSection(SolutionProperties) = preSolution
		HideSolutionNode = FALSE
	EndGlobalSection
	GlobalSection(ExtensibilityGlobals) = postSolution
		SolutionGuid = {185360DB-0679-4014-A430-D96007D5D2F6}
	EndGlobalSection
EndGlobal
